
Microsoft Visual Studio Solution File, Format Version 12.00
# Visual Studio Version 16
VisualStudioVersion = 16.0.30611.23
MinimumVisualStudioVersion = 10.0.40219.1
Project("{9A19103F-16F7-4668-BE54-9A1E7A4F7556}") = "Api", "Api.csproj", "{08D1B44B-CE80-4CCB-8230-BB72D28935A6}"
EndProject
Global
	GlobalSection(SolutionConfigurationPlatforms) = preSolution
		Debug|Any CPU = Debug|Any CPU
		Release|Any CPU = Release|Any CPU
	EndGlobalSection
	GlobalSection(ProjectConfigurationPlatforms) = postSolution
		{08D1B44B-CE80-4CCB-8230-BB72D28935A6}.Debug|Any CPU.ActiveCfg = Debug|Any CPU
		{08D1B44B-CE80-4CCB-8230-BB72D28935A6}.Debug|Any CPU.Build.0 = Debug|Any CPU
		{08D1B44B-CE80-4CCB-8230-BB72D28935A6}.Release|Any CPU.ActiveCfg = Release|Any CPU
		{08D1B44B-CE80-4CCB-8230-BB72D28935A6}.Release|Any CPU.Build.0 = Release|Any CPU
	EndGlobalSection
	GlobalSection(SolutionProperties) = preSolution
		HideSolutionNode = FALSE
	EndGlobalSection
	GlobalSection(ExtensibilityGlobals) = postSolution
		SolutionGuid = {55FF5FEB-9363-4496-B0C3-885515E0241F}
	EndGlobalSection
EndGlobal
